
Microsoft Visual Studio Solution File, Format Version 12.00
# Visual Studio Version 16
VisualStudioVersion = 16.0.31410.357
MinimumVisualStudioVersion = 10.0.40219.1
Project("{9A19103F-16F7-4668-BE54-9A1E7A4F7556}") = "hêlôwua", "hêlôwua\hêlôwua.csproj", "{56D6A98C-C1DE-48D6-97E1-24C29BA7E727}"
EndProject
Project("{FAE04EC0-301F-11D3-BF4B-00C04F79EFBC}") = "Bai1ClassObject", "Bai1ClassObject\Bai1ClassObject.csproj", "{713291DC-D6A7-4A9E-B06B-01EEAF7A7829}"
EndProject
Global
	GlobalSection(SolutionConfigurationPlatforms) = preSolution
		Debug|Any CPU = Debug|Any CPU
		Release|Any CPU = Release|Any CPU
	EndGlobalSection
	GlobalSection(ProjectConfigurationPlatforms) = postSolution
		{56D6A98C-C1DE-48D6-97E1-24C29BA7E727}.Debug|Any CPU.ActiveCfg = Debug|Any CPU
		{56D6A98C-C1DE-48D6-97E1-24C29BA7E727}.Debug|Any CPU.Build.0 = Debug|Any CPU
		{56D6A98C-C1DE-48D6-97E1-24C29BA7E727}.Release|Any CPU.ActiveCfg = Release|Any CPU
		{56D6A98C-C1DE-48D6-97E1-24C29BA7E727}.Release|Any CPU.Build.0 = Release|Any CPU
		{713291DC-D6A7-4A9E-B06B-01EEAF7A7829}.Debug|Any CPU.ActiveCfg = Debug|Any CPU
		{713291DC-D6A7-4A9E-B06B-01EEAF7A7829}.Debug|Any CPU.Build.0 = Debug|Any CPU
		{713291DC-D6A7-4A9E-B06B-01EEAF7A7829}.Release|Any CPU.ActiveCfg = Release|Any CPU
		{713291DC-D6A7-4A9E-B06B-01EEAF7A7829}.Release|Any CPU.Build.0 = Release|Any CPU
	EndGlobalSection
	GlobalSection(SolutionProperties) = preSolution
		HideSolutionNode = FALSE
	EndGlobalSection
	GlobalSection(ExtensibilityGlobals) = postSolution
		SolutionGuid = {D4FAFD02-BCEB-4C38-B5F4-041D91EE2AEA}
	EndGlobalSection
EndGlobal
